
Microsoft Visual Studio Solution File, Format Version 10.00
# Visual Studio 2008
Project("{FAE04EC0-301F-11D3-BF4B-00C04F79EFBC}") = "snap", "snap.csproj", "{9C580F6F-3C36-428D-89B0-F0F4420DEBBD}"
EndProject
Global
	GlobalSection(SolutionConfigurationPlatforms) = preSolution
		Debug|Any CPU = Debug|Any CPU
		Release|Any CPU = Release|Any CPU
	EndGlobalSection
	GlobalSection(ProjectConfigurationPlatforms) = postSolution
		{9C580F6F-3C36-428D-89B0-F0F4420DEBBD}.Debug|Any CPU.ActiveCfg = Debug|Any CPU
		{9C580F6F-3C36-428D-89B0-F0F4420DEBBD}.Debug|Any CPU.Build.0 = Debug|Any CPU
		{9C580F6F-3C36-428D-89B0-F0F4420DEBBD}.Release|Any CPU.ActiveCfg = Release|Any CPU
		{9C580F6F-3C36-428D-89B0-F0F4420DEBBD}.Release|Any CPU.Build.0 = Release|Any CPU
	EndGlobalSection
	GlobalSection(SolutionProperties) = preSolution
		HideSolutionNode = FALSE
	EndGlobalSection
EndGlobal
